
Microsoft Visual Studio Solution File, Format Version 12.00
# Visual Studio Version 17
VisualStudioVersion = 17.10.35004.147
MinimumVisualStudioVersion = 10.0.40219.1
Project("{FAE04EC0-301F-11D3-BF4B-00C04F79EFBC}") = "Sample1", "Sample1\Sample1.csproj", "{2D3907A2-CC04-4C22-86BC-CD6A036EA71F}"
EndProject
Global
	GlobalSection(SolutionConfigurationPlatforms) = preSolution
		Debug|Any CPU = Debug|Any CPU
		Release|Any CPU = Release|Any CPU
	EndGlobalSection
	GlobalSection(ProjectConfigurationPlatforms) = postSolution
		{2D3907A2-CC04-4C22-86BC-CD6A036EA71F}.Debug|Any CPU.ActiveCfg = Debug|Any CPU
		{2D3907A2-CC04-4C22-86BC-CD6A036EA71F}.Debug|Any CPU.Build.0 = Debug|Any CPU
		{2D3907A2-CC04-4C22-86BC-CD6A036EA71F}.Release|Any CPU.ActiveCfg = Release|Any CPU
		{2D3907A2-CC04-4C22-86BC-CD6A036EA71F}.Release|Any CPU.Build.0 = Release|Any CPU
	EndGlobalSection
	GlobalSection(SolutionProperties) = preSolution
		HideSolutionNode = FALSE
	EndGlobalSection
	GlobalSection(ExtensibilityGlobals) = postSolution
		SolutionGuid = {2E44D847-8B7D-4B6C-8C4D-639DC180766F}
	EndGlobalSection
EndGlobal
